# THIS IS AN AUTOGENERATED FILE. DO NOT EDIT THIS FILE DIRECTLY.
# yarn lockfile v1


"@google-cloud/common@^3.0.0":
  version "3.2.0"
  resolved "https://registry.yarnpkg.com/@google-cloud/common/-/common-3.2.0.tgz#c57f8c68211a5211dea884d558bf3585047324ec"
  integrity sha512-rNszQZBkzK9ZON9s8OFEVbD6zuTyGQ9ZLL5P1pakzE5qSCyZqkdNl3S2NBsUzlMUpIwJK97wCXcXgjtIFrfvMw==
  dependencies:
    "@google-cloud/projectify" "^2.0.0"
    "@google-cloud/promisify" "^2.0.0"
    arrify "^2.0.1"
    duplexify "^4.1.1"
    ent "^2.2.0"
    extend "^3.0.2"
    google-auth-library "^6.0.0"
    retry-request "^4.1.1"
    teeny-request "^7.0.0"

"@google-cloud/debug-agent@^5.1.0":
  version "5.1.0"
  resolved "https://registry.yarnpkg.com/@google-cloud/debug-agent/-/debug-agent-5.1.0.tgz#733aee4ab4eef1761749e176505812858eb8c736"
  integrity sha512-uEkoK8P694LLBKbpb9WYnM7qnkYvMaySW2hJHieKheNboJ/MJiv4gcpBlFhuNQrFtzrY4ngiFZXNhnrmJOwsvw==
  dependencies:
    "@google-cloud/common" "^3.0.0"
    acorn "^7.0.0"
    coffeescript "^2.0.0"
    console-log-level "^1.4.0"
    extend "^3.0.2"
    findit2 "^2.2.3"
    gcp-metadata "^4.0.0"
    p-limit "^2.2.0"
    semver "^7.0.0"
    source-map "^0.6.1"
    split "^1.0.0"

"@google-cloud/projectify@^2.0.0":
  version "2.0.0"
  resolved "https://registry.yarnpkg.com/@google-cloud/projectify/-/projectify-2.0.0.tgz#0cf938ff97520c238e7279f8e3de3b04e63fff0b"
  integrity sha512-7wZ+m4N3Imtb5afOPfqNFyj9cKrlfVQ+t5YRxLS7tUpn8Pn/i7QuVubZRTXllaWjO4T5t/gm/r2x7oy5ajjvFQ==

"@google-cloud/promisify@^2.0.0":
  version "2.0.1"
  resolved "https://registry.yarnpkg.com/@google-cloud/promisify/-/promisify-2.0.1.tgz#79f722463a5779197267c6870362b1d7927081f7"
  integrity sha512-82EQzwrNauw1fkbUSr3f+50Bcq7g4h0XvLOk8C5e9ABkXYHei7ZPi9tiMMD7Vh3SfcdH97d1ibJ3KBWp2o1J+w==

"@sentry/apm@5.18.1":
  version "5.18.1"
  resolved "https://registry.yarnpkg.com/@sentry/apm/-/apm-5.18.1.tgz#2736ea6cc30ffe093850a2c9ef3b7801a2873a74"
  integrity sha512-UcfEgECz7/X9l/3OoUwVCIpSb0RqyUAd/yRCRGF5Lh7kaqaYi1HbatkYUTDEnhOhaEXYtXUvRXPmRD1zMukqsw==
  dependencies:
    "@sentry/browser" "5.18.1"
    "@sentry/hub" "5.18.1"
    "@sentry/minimal" "5.18.1"
    "@sentry/types" "5.18.1"
    "@sentry/utils" "5.18.1"
    tslib "^1.9.3"

"@sentry/browser@5.18.1":
  version "5.18.1"
  resolved "https://registry.yarnpkg.com/@sentry/browser/-/browser-5.18.1.tgz#6a2ebe8f4ba88b2e98ccc91442e1dcb37b2df988"
  integrity sha512-U1w0d5kRMsfzMYwWn4+awDKfBEI5lxhHa0bMChSpj5z/dWiz/e0mikZ9gCoF+ZNqkXJ92l/3r9gRz+SIsn5ZoA==
  dependencies:
    "@sentry/core" "5.18.1"
    "@sentry/types" "5.18.1"
    "@sentry/utils" "5.18.1"
    tslib "^1.9.3"

"@sentry/core@5.18.1":
  version "5.18.1"
  resolved "https://registry.yarnpkg.com/@sentry/core/-/core-5.18.1.tgz#c2aa7ef9054e372d006d32234969711234d2bb02"
  integrity sha512-nC2aK6gwVIBVysmtdFHxYJyuChIHtkv7TnvmwgA5788L/HWo7E3R+Rd8Tf2npvp/aP+kmNITNbc5CIIqwGPaqQ==
  dependencies:
    "@sentry/hub" "5.18.1"
    "@sentry/minimal" "5.18.1"
    "@sentry/types" "5.18.1"
    "@sentry/utils" "5.18.1"
    tslib "^1.9.3"

"@sentry/hub@5.18.1":
  version "5.18.1"
  resolved "https://registry.yarnpkg.com/@sentry/hub/-/hub-5.18.1.tgz#4c2f642e29a320885692b902fba89e57a9906e64"
  integrity sha512-dFnaj1fQRT74EhoF8MXJ23K3svt11zEF6CS3cdMrkSzfRbAHjyza7KT2AJHUeF6gtH2BZzqsSw+FnfAke0HGIg==
  dependencies:
    "@sentry/types" "5.18.1"
    "@sentry/utils" "5.18.1"
    tslib "^1.9.3"

"@sentry/minimal@5.18.1":
  version "5.18.1"
  resolved "https://registry.yarnpkg.com/@sentry/minimal/-/minimal-5.18.1.tgz#8de01e87c5f5c6e74b707849202150cd4b316ee0"
  integrity sha512-St2bjcZ5FFiH+bYkWoEPlEb0w38YSvftnjJTvZyk05SCdsF7HkGfoBeFmztwBf1VLQPYt3ojny14L6KDAvOTpw==
  dependencies:
    "@sentry/hub" "5.18.1"
    "@sentry/types" "5.18.1"
    tslib "^1.9.3"

"@sentry/node@^5.18.1":
  version "5.18.1"
  resolved "https://registry.yarnpkg.com/@sentry/node/-/node-5.18.1.tgz#9c126735e7a27a9353ff9ecc71059e8781657f8c"
  integrity sha512-faIKb/1i0MYKkWL6crtnIuw1WTwvnQZFaOX4zjZeqZ+z7Q72YfnLWMTaJMe8Q38P/obWf75YRffIJrezkT9lXw==
  dependencies:
    "@sentry/apm" "5.18.1"
    "@sentry/core" "5.18.1"
    "@sentry/hub" "5.18.1"
    "@sentry/types" "5.18.1"
    "@sentry/utils" "5.18.1"
    cookie "^0.3.1"
    https-proxy-agent "^4.0.0"
    lru_map "^0.3.3"
    tslib "^1.9.3"

"@sentry/types@5.18.1":
  version "5.18.1"
  resolved "https://registry.yarnpkg.com/@sentry/types/-/types-5.18.1.tgz#9d72254262f28e966b06371c5b3833de8f0253b8"
  integrity sha512-y5YTkRFC4Y7r4GHrvin6aZLBpQIGdMZRq78f/s7IIEZrmWYbVKsK4dyJht6pOsUdEaxeYpsu3okIA0bqmthSJA==

"@sentry/utils@5.18.1":
  version "5.18.1"
  resolved "https://registry.yarnpkg.com/@sentry/utils/-/utils-5.18.1.tgz#c9880056793ae77d651db0dae76a08a8a0b31eac"
  integrity sha512-P4lt6NauCBWASaP6R5kfOmc24imbD32G5FeWqK7vHftIphOJ0X7OZfh93DJPs3e5RIvW3YCywUsa7MpTH5/ClA==
  dependencies:
    "@sentry/types" "5.18.1"
    tslib "^1.9.3"

"@tootallnate/once@1":
  version "1.1.2"
  resolved "https://registry.yarnpkg.com/@tootallnate/once/-/once-1.1.2.tgz#ccb91445360179a04e7fe6aff78c00ffc1eeaf82"
  integrity sha512-RbzJvlNzmRq5c3O09UipeuXno4tA1FE6ikOjxZK0tuxVv3412l64l5t1W5pj4+rJq9vpkm/kwiR07aZXnsKPxw==

"@types/node@*":
  version "14.0.14"
  resolved "https://registry.yarnpkg.com/@types/node/-/node-14.0.14.tgz#24a0b5959f16ac141aeb0c5b3cd7a15b7c64cbce"
  integrity sha512-syUgf67ZQpaJj01/tRTknkMNoBBLWJOBODF0Zm4NrXmiSuxjymFrxnTu1QVYRubhVkRcZLYZG8STTwJRdVm/WQ==

"@types/yauzl@^2.9.1":
  version "2.9.1"
  resolved "https://registry.yarnpkg.com/@types/yauzl/-/yauzl-2.9.1.tgz#d10f69f9f522eef3cf98e30afb684a1e1ec923af"
  integrity sha512-A1b8SU4D10uoPjwb0lnHmmu8wZhR9d+9o2PKBQT2jU5YPTKsxac6M2qGAdY7VcL+dHHhARVUDmeg0rOrcd9EjA==
  dependencies:
    "@types/node" "*"

abort-controller@^3.0.0:
  version "3.0.0"
  resolved "https://registry.yarnpkg.com/abort-controller/-/abort-controller-3.0.0.tgz#eaf54d53b62bae4138e809ca225c8439a6efb392"
  integrity sha512-h8lQ8tacZYnR3vNQTgibj+tODHI5/+l06Au2Pcriv/Gmet0eaj4TwWH41sO9wnHDiQsEj19q0drzdWdeAHtweg==
  dependencies:
    event-target-shim "^5.0.0"

acorn@^7.0.0:
  version "7.3.1"
  resolved "https://registry.yarnpkg.com/acorn/-/acorn-7.3.1.tgz#85010754db53c3fbaf3b9ea3e083aa5c5d147ffd"
  integrity sha512-tLc0wSnatxAQHVHUapaHdz72pi9KUyHjq5KyHjGg9Y8Ifdc79pTh2XvI6I1/chZbnM7QtNKzh66ooDogPZSleA==

agent-base@5:
  version "5.1.1"
  resolved "https://registry.yarnpkg.com/agent-base/-/agent-base-5.1.1.tgz#e8fb3f242959db44d63be665db7a8e739537a32c"
  integrity sha512-TMeqbNl2fMW0nMjTEPOwe3J/PRFP4vqeoNuQMG0HlMrtm5QxKqdvAkZ1pRBQ/ulIyDD5Yq0nJ7YbdD8ey0TO3g==

agent-base@6:
  version "6.0.0"
  resolved "https://registry.yarnpkg.com/agent-base/-/agent-base-6.0.0.tgz#5d0101f19bbfaed39980b22ae866de153b93f09a"
  integrity sha512-j1Q7cSCqN+AwrmDd+pzgqc0/NpC655x2bUf5ZjRIO77DcNBFmh+OgRNzF6OKdCC9RSCb19fGd99+bhXFdkRNqw==
  dependencies:
    debug "4"

arrify@^2.0.0, arrify@^2.0.1:
  version "2.0.1"
  resolved "https://registry.yarnpkg.com/arrify/-/arrify-2.0.1.tgz#c9655e9331e0abcd588d2a7cad7e9956f66701fa"
  integrity sha512-3duEwti880xqi4eAMN8AyR4a0ByT90zoYdLlevfrvU43vb0YZwZVfxOgxWrLXXXpyugL0hNZc9G6BiB5B3nUug==

balanced-match@^1.0.0:
  version "1.0.0"
  resolved "https://registry.yarnpkg.com/balanced-match/-/balanced-match-1.0.0.tgz#89b4d199ab2bee49de164ea02b89ce462d71b767"
  integrity sha1-ibTRmasr7kneFk6gK4nORi1xt2c=

base64-js@^1.0.2, base64-js@^1.3.0:
  version "1.3.1"
  resolved "https://registry.yarnpkg.com/base64-js/-/base64-js-1.3.1.tgz#58ece8cb75dd07e71ed08c736abc5fac4dbf8df1"
  integrity sha512-mLQ4i2QO1ytvGWFWmcngKO//JXAQueZvwEKtjgQFM4jIK0kU+ytMfplL8j+n5mspOfjHwoAg+9yhb7BwAHm36g==

bignumber.js@^9.0.0:
  version "9.0.0"
  resolved "https://registry.yarnpkg.com/bignumber.js/-/bignumber.js-9.0.0.tgz#805880f84a329b5eac6e7cb6f8274b6d82bdf075"
  integrity sha512-t/OYhhJ2SD+YGBQcjY8GzzDHEk9f3nerxjtfa6tlMXfe7frs/WozhvCNoGvpM0P3bNf3Gq5ZRMlGr5f3r4/N8A==

bl@^4.0.1:
  version "4.0.2"
  resolved "https://registry.yarnpkg.com/bl/-/bl-4.0.2.tgz#52b71e9088515d0606d9dd9cc7aa48dc1f98e73a"
  integrity sha512-j4OH8f6Qg2bGuWfRiltT2HYGx0e1QcBTrK9KAHNMwMZdQnDZFk0ZSYIpADjYCB3U12nicC5tVJwSIhwOWjb4RQ==
  dependencies:
    buffer "^5.5.0"
    inherits "^2.0.4"
    readable-stream "^3.4.0"

brace-expansion@^1.1.7:
  version "1.1.11"
  resolved "https://registry.yarnpkg.com/brace-expansion/-/brace-expansion-1.1.11.tgz#3c7fcbf529d87226f3d2f52b966ff5271eb441dd"
  integrity sha512-iCuPHDFgrHX7H2vEI/5xpz07zSHB00TpugqhmYtVmMO6518mCuRMoOYFldEBl0g187ufozdaHgWKcYFb61qGiA==
  dependencies:
    balanced-match "^1.0.0"
    concat-map "0.0.1"

buffer-crc32@~0.2.3:
  version "0.2.13"
  resolved "https://registry.yarnpkg.com/buffer-crc32/-/buffer-crc32-0.2.13.tgz#0d333e3f00eac50aa1454abd30ef8c2a5d9a7242"
  integrity sha1-DTM+PwDqxQqhRUq9MO+MKl2ackI=

buffer-equal-constant-time@1.0.1:
  version "1.0.1"
  resolved "https://registry.yarnpkg.com/buffer-equal-constant-time/-/buffer-equal-constant-time-1.0.1.tgz#f8e71132f7ffe6e01a5c9697a4c6f3e48d5cc819"
  integrity sha1-+OcRMvf/5uAaXJaXpMbz5I1cyBk=

buffer@^5.2.1, buffer@^5.5.0:
  version "5.6.0"
  resolved "https://registry.yarnpkg.com/buffer/-/buffer-5.6.0.tgz#a31749dc7d81d84db08abf937b6b8c4033f62786"
  integrity sha512-/gDYp/UtU0eA1ys8bOs9J6a+E/KWIY+DZ+Q2WESNUA0jFRsJOc0SNUO6xJ5SGA1xueg3NL65W6s+NY5l9cunuw==
  dependencies:
    base64-js "^1.0.2"
    ieee754 "^1.1.4"

chownr@^1.1.1:
  version "1.1.4"
  resolved "https://registry.yarnpkg.com/chownr/-/chownr-1.1.4.tgz#6fc9d7b42d32a583596337666e7d08084da2cc6b"
  integrity sha512-jJ0bqzaylmJtVnNgzTeSOs8DPavpbYgEr/b0YL8/2GO3xJEhInFmhKMUnEJQjZumK7KXGFhUy89PrsJWlakBVg==

coffeescript@^2.0.0:
  version "2.5.1"
  resolved "https://registry.yarnpkg.com/coffeescript/-/coffeescript-2.5.1.tgz#b2442a1f2c806139669534a54adc35010559d16a"
  integrity sha512-J2jRPX0eeFh5VKyVnoLrfVFgLZtnnmp96WQSLAS8OrLm2wtQLcnikYKe1gViJKDH7vucjuhHvBKKBP3rKcD1tQ==

concat-map@0.0.1:
  version "0.0.1"
  resolved "https://registry.yarnpkg.com/concat-map/-/concat-map-0.0.1.tgz#d8a96bd77fd68df7793a73036a3ba0d5405d477b"
  integrity sha1-2Klr13/Wjfd5OnMDajug1UBdR3s=

console-log-level@^1.4.0:
  version "1.4.1"
  resolved "https://registry.yarnpkg.com/console-log-level/-/console-log-level-1.4.1.tgz#9c5a6bb9ef1ef65b05aba83028b0ff894cdf630a"
  integrity sha512-VZzbIORbP+PPcN/gg3DXClTLPLg5Slwd5fL2MIc+o1qZ4BXBvWyc6QxPk6T/Mkr6IVjRpoAGf32XxP3ZWMVRcQ==

cookie@^0.3.1:
  version "0.3.1"
  resolved "https://registry.yarnpkg.com/cookie/-/cookie-0.3.1.tgz#e7e0a1f9ef43b4c8ba925c5c5a96e806d16873bb"
  integrity sha1-5+Ch+e9DtMi6klxcWpboBtFoc7s=

debug@4, debug@^4.1.0, debug@^4.1.1:
  version "4.1.1"
  resolved "https://registry.yarnpkg.com/debug/-/debug-4.1.1.tgz#3b72260255109c6b589cee050f1d516139664791"
  integrity sha512-pYAIzeRo8J6KPEaJ0VWOh5Pzkbw/RetuzehGM7QRRX5he4fPHx2rdKMB256ehJCkX+XRQm16eZLqLNS8RSZXZw==
  dependencies:
    ms "^2.1.1"

duplexify@^4.1.1:
  version "4.1.1"
  resolved "https://registry.yarnpkg.com/duplexify/-/duplexify-4.1.1.tgz#7027dc374f157b122a8ae08c2d3ea4d2d953aa61"
  integrity sha512-DY3xVEmVHTv1wSzKNbwoU6nVjzI369Y6sPoqfYr0/xlx3IdX2n94xIszTcjPO8W8ZIv0Wb0PXNcjuZyT4wiICA==
  dependencies:
    end-of-stream "^1.4.1"
    inherits "^2.0.3"
    readable-stream "^3.1.1"
    stream-shift "^1.0.0"

ecdsa-sig-formatter@1.0.11, ecdsa-sig-formatter@^1.0.11:
  version "1.0.11"
  resolved "https://registry.yarnpkg.com/ecdsa-sig-formatter/-/ecdsa-sig-formatter-1.0.11.tgz#ae0f0fa2d85045ef14a817daa3ce9acd0489e5bf"
  integrity sha512-nagl3RYrbNv6kQkeJIpt6NJZy8twLB/2vtz6yN9Z4vRKHN4/QZJIEbqohALSgwKdnksuY3k5Addp5lg8sVoVcQ==
  dependencies:
    safe-buffer "^5.0.1"

end-of-stream@^1.1.0, end-of-stream@^1.4.1:
  version "1.4.4"
  resolved "https://registry.yarnpkg.com/end-of-stream/-/end-of-stream-1.4.4.tgz#5ae64a5f45057baf3626ec14da0ca5e4b2431eb0"
  integrity sha512-+uw1inIHVPQoaVuHzRyXd21icM+cnt4CzD5rW+NC1wjOUSTOs+Te7FOv7AhN7vS9x/oIyhLP5PR1H+phQAHu5Q==
  dependencies:
    once "^1.4.0"

ent@^2.2.0:
  version "2.2.0"
  resolved "https://registry.yarnpkg.com/ent/-/ent-2.2.0.tgz#e964219325a21d05f44466a2f686ed6ce5f5dd1d"
  integrity sha1-6WQhkyWiHQX0RGai9obtbOX13R0=

event-target-shim@^5.0.0:
  version "5.0.1"
  resolved "https://registry.yarnpkg.com/event-target-shim/-/event-target-shim-5.0.1.tgz#5d4d3ebdf9583d63a5333ce2deb7480ab2b05789"
  integrity sha512-i/2XbnSz/uxRCU6+NdVJgKWDTM427+MqYbkQzD321DuCQJUqOuJKIA0IM2+W2xtYHdKOmZ4dR6fExsd4SXL+WQ==

extend@^3.0.2:
  version "3.0.2"
  resolved "https://registry.yarnpkg.com/extend/-/extend-3.0.2.tgz#f8b1136b4071fbd8eb140aff858b1019ec2915fa"
  integrity sha512-fjquC59cD7CyW6urNXK0FBufkZcoiGG80wTuPujX590cB5Ttln20E2UB4S/WARVqhXffZl2LNgS+gQdPIIim/g==

extract-zip@^2.0.0:
  version "2.0.1"
  resolved "https://registry.yarnpkg.com/extract-zip/-/extract-zip-2.0.1.tgz#663dca56fe46df890d5f131ef4a06d22bb8ba13a"
  integrity sha512-GDhU9ntwuKyGXdZBUgTIe+vXnWj0fppUEtMDL0+idd5Sta8TGpHssn/eusA9mrPr9qNDym6SxAYZjNvCn/9RBg==
  dependencies:
    debug "^4.1.1"
    get-stream "^5.1.0"
    yauzl "^2.10.0"
  optionalDependencies:
    "@types/yauzl" "^2.9.1"

fast-text-encoding@^1.0.0:
  version "1.0.3"
  resolved "https://registry.yarnpkg.com/fast-text-encoding/-/fast-text-encoding-1.0.3.tgz#ec02ac8e01ab8a319af182dae2681213cfe9ce53"
  integrity sha512-dtm4QZH9nZtcDt8qJiOH9fcQd1NAgi+K1O2DbE6GG1PPCK/BWfOH3idCTRQ4ImXRUOyopDEgDEnVEE7Y/2Wrig==

fd-slicer@~1.1.0:
  version "1.1.0"
  resolved "https://registry.yarnpkg.com/fd-slicer/-/fd-slicer-1.1.0.tgz#25c7c89cb1f9077f8891bbe61d8f390eae256f1e"
  integrity sha1-JcfInLH5B3+IkbvmHY85Dq4lbx4=
  dependencies:
    pend "~1.2.0"

findit2@^2.2.3:
  version "2.2.3"
  resolved "https://registry.yarnpkg.com/findit2/-/findit2-2.2.3.tgz#58a466697df8a6205cdfdbf395536b8bd777a5f6"
  integrity sha1-WKRmaX34piBc39vzlVNri9d3pfY=

fs-constants@^1.0.0:
  version "1.0.0"
  resolved "https://registry.yarnpkg.com/fs-constants/-/fs-constants-1.0.0.tgz#6be0de9be998ce16af8afc24497b9ee9b7ccd9ad"
  integrity sha512-y6OAwoSIf7FyjMIv94u+b5rdheZEjzR63GTyZJm5qh4Bi+2YgwLCcI/fPFZkL5PSixOt6ZNKm+w+Hfp/Bciwow==

fs.realpath@^1.0.0:
  version "1.0.0"
  resolved "https://registry.yarnpkg.com/fs.realpath/-/fs.realpath-1.0.0.tgz#1504ad2523158caa40db4a2787cb01411994ea4f"
  integrity sha1-FQStJSMVjKpA20onh8sBQRmU6k8=

gaxios@^3.0.0:
  version "3.0.3"
  resolved "https://registry.yarnpkg.com/gaxios/-/gaxios-3.0.3.tgz#497730758f5b0d43a32ebdbebe5f1bd9f7db7aed"
  integrity sha512-PkzQludeIFhd535/yucALT/Wxyj/y2zLyrMwPcJmnLHDugmV49NvAi/vb+VUq/eWztATZCNcb8ue+ywPG+oLuw==
  dependencies:
    abort-controller "^3.0.0"
    extend "^3.0.2"
    https-proxy-agent "^5.0.0"
    is-stream "^2.0.0"
    node-fetch "^2.3.0"

gcp-metadata@^4.0.0, gcp-metadata@^4.1.0:
  version "4.1.0"
  resolved "https://registry.yarnpkg.com/gcp-metadata/-/gcp-metadata-4.1.0.tgz#8b9b5903882076948554af471c838e7ea2f564b4"
  integrity sha512-r57SV28+olVsflPlKyVig3Muo/VDlcsObMtvDGOEtEJXj+DDE8bEl0coIkXh//hbkSDTvo+f5lbihZOndYXQQQ==
  dependencies:
    gaxios "^3.0.0"
    json-bigint "^0.3.0"

get-stream@^5.1.0:
  version "5.1.0"
  resolved "https://registry.yarnpkg.com/get-stream/-/get-stream-5.1.0.tgz#01203cdc92597f9b909067c3e656cc1f4d3c4dc9"
  integrity sha512-EXr1FOzrzTfGeL0gQdeFEvOMm2mzMOglyiOXSTpPC+iAjAKftbr3jpCMWynogwYnM+eSj9sHGc6wjIcDvYiygw==
  dependencies:
    pump "^3.0.0"

glob@^7.1.3:
  version "7.1.6"
  resolved "https://registry.yarnpkg.com/glob/-/glob-7.1.6.tgz#141f33b81a7c2492e125594307480c46679278a6"
  integrity sha512-LwaxwyZ72Lk7vZINtNNrywX0ZuLyStrdDtabefZKAY5ZGJhVtgdznluResxNmPitE0SAO+O26sWTHeKSI2wMBA==
  dependencies:
    fs.realpath "^1.0.0"
    inflight "^1.0.4"
    inherits "2"
    minimatch "^3.0.4"
    once "^1.3.0"
    path-is-absolute "^1.0.0"

google-auth-library@^6.0.0:
  version "6.0.2"
  resolved "https://registry.yarnpkg.com/google-auth-library/-/google-auth-library-6.0.2.tgz#fd640387061e4d4b40ba063636f8ea8416b121cc"
  integrity sha512-o/F/GiOPzDc49v5/6vfrEz3gRXvES49qGP84rrl3SO0efJA/M52hFwv2ozd1EC1TPrLj75Moj3iPgKGuGs6smA==
  dependencies:
    arrify "^2.0.0"
    base64-js "^1.3.0"
    ecdsa-sig-formatter "^1.0.11"
    fast-text-encoding "^1.0.0"
    gaxios "^3.0.0"
    gcp-metadata "^4.1.0"
    gtoken "^5.0.0"
    jws "^4.0.0"
    lru-cache "^5.0.0"

google-p12-pem@^3.0.0:
  version "3.0.1"
  resolved "https://registry.yarnpkg.com/google-p12-pem/-/google-p12-pem-3.0.1.tgz#a220c05a8d7ee9751dd133ee72ecfc855820d5ab"
  integrity sha512-VlQgtozgNVVVcYTXS36eQz4PXPt9gIPqLOhHN0QiV6W6h4qSCNVKPtKC5INtJsaHHF2r7+nOIa26MJeJMTaZEQ==
  dependencies:
    node-forge "^0.9.0"

gtoken@^5.0.0:
  version "5.0.1"
  resolved "https://registry.yarnpkg.com/gtoken/-/gtoken-5.0.1.tgz#b93f309d89adfe230bb0f24269b978284ba89e0f"
  integrity sha512-33w4FNDkUcyIOq/TqyC+drnKdI4PdXmWp9lZzssyEQKuvu9ZFN3KttaSnDKo52U3E51oujVGop93mKxmqO8HHg==
  dependencies:
    gaxios "^3.0.0"
    google-p12-pem "^3.0.0"
    jws "^4.0.0"
    mime "^2.2.0"

http-proxy-agent@^4.0.0:
  version "4.0.1"
  resolved "https://registry.yarnpkg.com/http-proxy-agent/-/http-proxy-agent-4.0.1.tgz#8a8c8ef7f5932ccf953c296ca8291b95aa74aa3a"
  integrity sha512-k0zdNgqWTGA6aeIRVpvfVob4fL52dTfaehylg0Y4UvSySvOq/Y+BOyPrgpUrA7HylqvU8vIZGsRuXmspskV0Tg==
  dependencies:
    "@tootallnate/once" "1"
    agent-base "6"
    debug "4"

https-proxy-agent@^4.0.0:
  version "4.0.0"
  resolved "https://registry.yarnpkg.com/https-proxy-agent/-/https-proxy-agent-4.0.0.tgz#702b71fb5520a132a66de1f67541d9e62154d82b"
  integrity sha512-zoDhWrkR3of1l9QAL8/scJZyLu8j/gBkcwcaQOZh7Gyh/+uJQzGVETdgT30akuwkpL8HTRfssqI3BZuV18teDg==
  dependencies:
    agent-base "5"
    debug "4"

https-proxy-agent@^5.0.0:
  version "5.0.0"
  resolved "https://registry.yarnpkg.com/https-proxy-agent/-/https-proxy-agent-5.0.0.tgz#e2a90542abb68a762e0a0850f6c9edadfd8506b2"
  integrity sha512-EkYm5BcKUGiduxzSt3Eppko+PiNWNEpa4ySk9vTC6wDsQJW9rHSa+UhGNJoRYp7bz6Ht1eaRIa6QaJqO5rCFbA==
  dependencies:
    agent-base "6"
    debug "4"

ieee754@^1.1.4:
  version "1.1.13"
  resolved "https://registry.yarnpkg.com/ieee754/-/ieee754-1.1.13.tgz#ec168558e95aa181fd87d37f55c32bbcb6708b84"
  integrity sha512-4vf7I2LYV/HaWerSo3XmlMkp5eZ83i+/CDluXi/IGTs/O1sejBNhTtnxzmRZfvOUqj7lZjqHkeTvpgSFDlWZTg==

inflight@^1.0.4:
  version "1.0.6"
  resolved "https://registry.yarnpkg.com/inflight/-/inflight-1.0.6.tgz#49bd6331d7d02d0c09bc910a1075ba8165b56df9"
  integrity sha1-Sb1jMdfQLQwJvJEKEHW6gWW1bfk=
  dependencies:
    once "^1.3.0"
    wrappy "1"

inherits@2, inherits@^2.0.3, inherits@^2.0.4:
  version "2.0.4"
  resolved "https://registry.yarnpkg.com/inherits/-/inherits-2.0.4.tgz#0fa2c64f932917c3433a0ded55363aae37416b7c"
  integrity sha512-k/vGaX4/Yla3WzyMCvTQOXYeIHvqOKtnqBduzTHpzpQZzAskKMhZ2K+EnBiSM9zGSoIFeMpXKxa4dYeZIQqewQ==

is-stream@^2.0.0:
  version "2.0.0"
  resolved "https://registry.yarnpkg.com/is-stream/-/is-stream-2.0.0.tgz#bde9c32680d6fae04129d6ac9d921ce7815f78e3"
  integrity sha512-XCoy+WlUr7d1+Z8GgSuXmpuUFC9fOhRXglJMx+dwLKTkL44Cjd4W1Z5P+BQZpr+cR93aGP4S/s7Ftw6Nd/kiEw==

json-bigint@^0.3.0:
  version "0.3.1"
  resolved "https://registry.yarnpkg.com/json-bigint/-/json-bigint-0.3.1.tgz#0c1729d679f580d550899d6a2226c228564afe60"
  integrity sha512-DGWnSzmusIreWlEupsUelHrhwmPPE+FiQvg+drKfk2p+bdEYa5mp4PJ8JsCWqae0M2jQNb0HPvnwvf1qOTThzQ==
  dependencies:
    bignumber.js "^9.0.0"

jwa@^2.0.0:
  version "2.0.0"
  resolved "https://registry.yarnpkg.com/jwa/-/jwa-2.0.0.tgz#a7e9c3f29dae94027ebcaf49975c9345593410fc"
  integrity sha512-jrZ2Qx916EA+fq9cEAeCROWPTfCwi1IVHqT2tapuqLEVVDKFDENFw1oL+MwrTvH6msKxsd1YTDVw6uKEcsrLEA==
  dependencies:
    buffer-equal-constant-time "1.0.1"
    ecdsa-sig-formatter "1.0.11"
    safe-buffer "^5.0.1"

jws@^4.0.0:
  version "4.0.0"
  resolved "https://registry.yarnpkg.com/jws/-/jws-4.0.0.tgz#2d4e8cf6a318ffaa12615e9dec7e86e6c97310f4"
  integrity sha512-KDncfTmOZoOMTFG4mBlG0qUIOlc03fmzH+ru6RgYVZhPkyiy/92Owlt/8UEN+a4TXR1FQetfIpJE8ApdvdVxTg==
  dependencies:
    jwa "^2.0.0"
    safe-buffer "^5.0.1"

lru-cache@^5.0.0:
  version "5.1.1"
  resolved "https://registry.yarnpkg.com/lru-cache/-/lru-cache-5.1.1.tgz#1da27e6710271947695daf6848e847f01d84b920"
  integrity sha512-KpNARQA3Iwv+jTA0utUVVbrh+Jlrr1Fv0e56GGzAFOXN7dk/FviaDW8LHmK52DlcH4WP2n6gI8vN1aesBFgo9w==
  dependencies:
    yallist "^3.0.2"

lru_map@^0.3.3:
  version "0.3.3"
  resolved "https://registry.yarnpkg.com/lru_map/-/lru_map-0.3.3.tgz#b5c8351b9464cbd750335a79650a0ec0e56118dd"
  integrity sha1-tcg1G5Rky9dQM1p5ZQoOwOVhGN0=

mime@^2.0.3, mime@^2.2.0:
  version "2.4.6"
  resolved "https://registry.yarnpkg.com/mime/-/mime-2.4.6.tgz#e5b407c90db442f2beb5b162373d07b69affa4d1"
  integrity sha512-RZKhC3EmpBchfTGBVb8fb+RL2cWyw/32lshnsETttkBAyAUXSGHxbEJWWRXc751DrIxG1q04b8QwMbAwkRPpUA==

minimatch@^3.0.4:
  version "3.0.4"
  resolved "https://registry.yarnpkg.com/minimatch/-/minimatch-3.0.4.tgz#5166e286457f03306064be5497e8dbb0c3d32083"
  integrity sha512-yJHVQEhyqPLUTgt9B83PXu6W3rx4MvvHvSUvToogpwoGDOUQ+yDrR0HRot+yOCdCO7u4hX3pWft6kWBBcqh0UA==
  dependencies:
    brace-expansion "^1.1.7"

mitt@^2.0.1:
  version "2.0.1"
  resolved "https://registry.yarnpkg.com/mitt/-/mitt-2.0.1.tgz#9e8a075b4daae82dd91aac155a0ece40ca7cb393"
  integrity sha512-FhuJY+tYHLnPcBHQhbUFzscD5512HumCPE4URXZUgPi3IvOJi4Xva5IIgy3xX56GqCmw++MAm5UURG6kDBYTdg==

mkdirp-classic@^0.5.2:
  version "0.5.3"
  resolved "https://registry.yarnpkg.com/mkdirp-classic/-/mkdirp-classic-0.5.3.tgz#fa10c9115cc6d8865be221ba47ee9bed78601113"
  integrity sha512-gKLcREMhtuZRwRAfqP3RFW+TK4JqApVBtOIftVgjuABpAtpxhPGaDcfvbhNvD0B8iD1oUr/txX35NjcaY6Ns/A==

ms@^2.1.1:
  version "2.1.2"
  resolved "https://registry.yarnpkg.com/ms/-/ms-2.1.2.tgz#d09d1f357b443f493382a8eb3ccd183872ae6009"
  integrity sha512-sGkPx+VjMtmA6MX27oA4FBFELFCZZ4S4XqeGOXCv68tT+jb3vk/RyaKWP0PTKyWtmLSM0b+adUTEvbs1PEaH2w==

node-fetch@^2.2.0, node-fetch@^2.3.0:
  version "2.6.0"
  resolved "https://registry.yarnpkg.com/node-fetch/-/node-fetch-2.6.0.tgz#e633456386d4aa55863f676a7ab0daa8fdecb0fd"
  integrity sha512-8dG4H5ujfvFiqDmVu9fQ5bOHUC15JMjMY/Zumv26oOvvVJjM67KF8koCWIabKQ1GJIa9r2mMZscBq/TbdOcmNA==

node-forge@^0.9.0:
  version "0.9.1"
  resolved "https://registry.yarnpkg.com/node-forge/-/node-forge-0.9.1.tgz#775368e6846558ab6676858a4d8c6e8d16c677b5"
  integrity sha512-G6RlQt5Sb4GMBzXvhfkeFmbqR6MzhtnT7VTHuLadjkii3rdYHNdw0m8zA4BTxVIh68FicCQ2NSUANpsqkr9jvQ==

once@^1.3.0, once@^1.3.1, once@^1.4.0:
  version "1.4.0"
  resolved "https://registry.yarnpkg.com/once/-/once-1.4.0.tgz#583b1aa775961d4b113ac17d9c50baef9dd76bd1"
  integrity sha1-WDsap3WWHUsROsF9nFC6753Xa9E=
  dependencies:
    wrappy "1"

p-limit@^2.2.0:
  version "2.3.0"
  resolved "https://registry.yarnpkg.com/p-limit/-/p-limit-2.3.0.tgz#3dd33c647a214fdfffd835933eb086da0dc21db1"
  integrity sha512-//88mFWSJx8lxCzwdAABTJL2MyWB12+eIY7MDL2SqLmAkeKU9qxRvWuSyTjm3FUmpBEMuFfckAIqEaVGUDxb6w==
  dependencies:
    p-try "^2.0.0"

p-try@^2.0.0:
  version "2.2.0"
  resolved "https://registry.yarnpkg.com/p-try/-/p-try-2.2.0.tgz#cb2868540e313d61de58fafbe35ce9004d5540e6"
  integrity sha512-R4nPAVTAU0B9D35/Gk3uJf/7XYbQcyohSKdvAxIRSNghFl4e71hVoGnBNQz9cWaXxO2I10KTC+3jMdvvoKw6dQ==

path-is-absolute@^1.0.0:
  version "1.0.1"
  resolved "https://registry.yarnpkg.com/path-is-absolute/-/path-is-absolute-1.0.1.tgz#174b9268735534ffbc7ace6bf53a5a9e1b5c5f5f"
  integrity sha1-F0uSaHNVNP+8es5r9TpanhtcX18=

pend@~1.2.0:
  version "1.2.0"
  resolved "https://registry.yarnpkg.com/pend/-/pend-1.2.0.tgz#7a57eb550a6783f9115331fcf4663d5c8e007a50"
  integrity sha1-elfrVQpng/kRUzH89GY9XI4AelA=

progress@^2.0.1:
  version "2.0.3"
  resolved "https://registry.yarnpkg.com/progress/-/progress-2.0.3.tgz#7e8cf8d8f5b8f239c1bc68beb4eb78567d572ef8"
  integrity sha512-7PiHtLll5LdnKIMw100I+8xJXR5gW2QwWYkT6iJva0bXitZKa/XMrSbdmg3r2Xnaidz9Qumd0VPaMrZlF9V9sA==

proxy-from-env@^1.0.0:
  version "1.1.0"
  resolved "https://registry.yarnpkg.com/proxy-from-env/-/proxy-from-env-1.1.0.tgz#e102f16ca355424865755d2c9e8ea4f24d58c3e2"
  integrity sha512-D+zkORCbA9f1tdWRK0RaCR3GPv50cMxcrz4X8k5LTSUD1Dkw47mKJEZQNunItRTkWwgtaUSo1RVFRIG9ZXiFYg==

pump@^3.0.0:
  version "3.0.0"
  resolved "https://registry.yarnpkg.com/pump/-/pump-3.0.0.tgz#b4a2116815bde2f4e1ea602354e8c75565107a64"
  integrity sha512-LwZy+p3SFs1Pytd/jYct4wpv49HiYCqd9Rlc5ZVdk0V+8Yzv6jR5Blk3TRmPL1ft69TxP0IMZGJ+WPFU2BFhww==
  dependencies:
    end-of-stream "^1.1.0"
    once "^1.3.1"

puppeteer@^4.0.1:
  version "4.0.1"
  resolved "https://registry.yarnpkg.com/puppeteer/-/puppeteer-4.0.1.tgz#ebc2ee61157ed1aa25be3843fda97807df1d51f5"
  integrity sha512-LIiSWTRqpTnnm3R2yAoMBx1inSeKwVZy66RFSkgSTDINzheJZPd5z5mMbPM0FkvwWAZ27a+69j5nZf+Fpyhn3Q==
  dependencies:
    debug "^4.1.0"
    extract-zip "^2.0.0"
    https-proxy-agent "^4.0.0"
    mime "^2.0.3"
    mitt "^2.0.1"
    progress "^2.0.1"
    proxy-from-env "^1.0.0"
    rimraf "^3.0.2"
    tar-fs "^2.0.0"
    unbzip2-stream "^1.3.3"
    ws "^7.2.3"

"readable-stream@2 || 3", readable-stream@^3.1.1, readable-stream@^3.4.0:
  version "3.6.0"
  resolved "https://registry.yarnpkg.com/readable-stream/-/readable-stream-3.6.0.tgz#337bbda3adc0706bd3e024426a286d4b4b2c9198"
  integrity sha512-BViHy7LKeTz4oNnkcLJ+lVSL6vpiFeX6/d3oSH8zCW7UxP2onchk+vTGB143xuFjHS3deTgkKoXXymXqymiIdA==
  dependencies:
    inherits "^2.0.3"
    string_decoder "^1.1.1"
    util-deprecate "^1.0.1"

regenerator-runtime@^0.13.5:
  version "0.13.5"
  resolved "https://registry.yarnpkg.com/regenerator-runtime/-/regenerator-runtime-0.13.5.tgz#d878a1d094b4306d10b9096484b33ebd55e26697"
  integrity sha512-ZS5w8CpKFinUzOwW3c83oPeVXoNsrLsaCoLtJvAClH135j/R77RuymhiSErhm2lKcwSCIpmvIWSbDkIfAqKQlA==

retry-request@^4.1.1:
  version "4.1.1"
  resolved "https://registry.yarnpkg.com/retry-request/-/retry-request-4.1.1.tgz#f676d0db0de7a6f122c048626ce7ce12101d2bd8"
  integrity sha512-BINDzVtLI2BDukjWmjAIRZ0oglnCAkpP2vQjM3jdLhmT62h0xnQgciPwBRDAvHqpkPT2Wo1XuUyLyn6nbGrZQQ==
  dependencies:
    debug "^4.1.1"
    through2 "^3.0.1"

rimraf@^3.0.2:
  version "3.0.2"
  resolved "https://registry.yarnpkg.com/rimraf/-/rimraf-3.0.2.tgz#f1a5402ba6220ad52cc1282bac1ae3aa49fd061a"
  integrity sha512-JZkJMZkAGFFPP2YqXZXPbMlMBgsxzE8ILs4lMIX/2o0L9UBw9O/Y3o6wFw/i9YLapcUJWwqbi3kdxIPdC62TIA==
  dependencies:
    glob "^7.1.3"

rimraf@~2.6.2:
  version "2.6.3"
  resolved "https://registry.yarnpkg.com/rimraf/-/rimraf-2.6.3.tgz#b2d104fe0d8fb27cf9e0a1cda8262dd3833c6cab"
  integrity sha512-mwqeW5XsA2qAejG46gYdENaxXjx9onRNCfn7L0duuP4hCuTIi/QO7PDK07KJfp1d+izWPrzEJDcSqBa0OZQriA==
  dependencies:
    glob "^7.1.3"

safe-buffer@^5.0.1, safe-buffer@~5.2.0:
  version "5.2.1"
  resolved "https://registry.yarnpkg.com/safe-buffer/-/safe-buffer-5.2.1.tgz#1eaf9fa9bdb1fdd4ec75f58f9cdb4e6b7827eec6"
  integrity sha512-rp3So07KcdmmKbGvgaNxQSJr7bGVSVk5S9Eq1F+ppbRo70+YeaDxkw5Dd8NPN+GD6bjnYm2VuPuCXmpuYvmCXQ==

semver@^7.0.0:
  version "7.3.2"
  resolved "https://registry.yarnpkg.com/semver/-/semver-7.3.2.tgz#604962b052b81ed0786aae84389ffba70ffd3938"
  integrity sha512-OrOb32TeeambH6UrhtShmF7CRDqhL6/5XpPNp2DuRH6+9QLw/orhp72j87v8Qa1ScDkvrrBNpZcDejAirJmfXQ==

source-map@^0.6.1:
  version "0.6.1"
  resolved "https://registry.yarnpkg.com/source-map/-/source-map-0.6.1.tgz#74722af32e9614e9c287a8d0bbde48b5e2f1a263"
  integrity sha512-UjgapumWlbMhkBgzT7Ykc5YXUT46F0iKu8SGXq0bcwP5dz/h0Plj6enJqjz1Zbq2l5WaqYnrVbwWOWMyF3F47g==

split@^1.0.0:
  version "1.0.1"
  resolved "https://registry.yarnpkg.com/split/-/split-1.0.1.tgz#605bd9be303aa59fb35f9229fbea0ddec9ea07d9"
  integrity sha512-mTyOoPbrivtXnwnIxZRFYRrPNtEFKlpB2fvjSnCQUiAA6qAZzqwna5envK4uk6OIeP17CsdF3rSBGYVBsU0Tkg==
  dependencies:
    through "2"

stream-events@^1.0.5:
  version "1.0.5"
  resolved "https://registry.yarnpkg.com/stream-events/-/stream-events-1.0.5.tgz#bbc898ec4df33a4902d892333d47da9bf1c406d5"
  integrity sha512-E1GUzBSgvct8Jsb3v2X15pjzN1tYebtbLaMg+eBOUOAxgbLoSbT2NS91ckc5lJD1KfLjId+jXJRgo0qnV5Nerg==
  dependencies:
    stubs "^3.0.0"

stream-shift@^1.0.0:
  version "1.0.1"
  resolved "https://registry.yarnpkg.com/stream-shift/-/stream-shift-1.0.1.tgz#d7088281559ab2778424279b0877da3c392d5a3d"
  integrity sha512-AiisoFqQ0vbGcZgQPY1cdP2I76glaVA/RauYR4G4thNFgkTqr90yXTo4LYX60Jl+sIlPNHHdGSwo01AvbKUSVQ==

string_decoder@^1.1.1:
  version "1.3.0"
  resolved "https://registry.yarnpkg.com/string_decoder/-/string_decoder-1.3.0.tgz#42f114594a46cf1a8e30b0a84f56c78c3edac21e"
  integrity sha512-hkRX8U1WjJFd8LsDJ2yQ/wWWxaopEsABU1XfkM8A+j0+85JAGppt16cr1Whg6KIbb4okU6Mql6BOj+uup/wKeA==
  dependencies:
    safe-buffer "~5.2.0"

stubs@^3.0.0:
  version "3.0.0"
  resolved "https://registry.yarnpkg.com/stubs/-/stubs-3.0.0.tgz#e8d2ba1fa9c90570303c030b6900f7d5f89abe5b"
  integrity sha1-6NK6H6nJBXAwPAMLaQD31fiavls=

tar-fs@^2.0.0:
  version "2.1.0"
  resolved "https://registry.yarnpkg.com/tar-fs/-/tar-fs-2.1.0.tgz#d1cdd121ab465ee0eb9ccde2d35049d3f3daf0d5"
  integrity sha512-9uW5iDvrIMCVpvasdFHW0wJPez0K4JnMZtsuIeDI7HyMGJNxmDZDOCQROr7lXyS+iL/QMpj07qcjGYTSdRFXUg==
  dependencies:
    chownr "^1.1.1"
    mkdirp-classic "^0.5.2"
    pump "^3.0.0"
    tar-stream "^2.0.0"

tar-stream@^2.0.0:
  version "2.1.2"
  resolved "https://registry.yarnpkg.com/tar-stream/-/tar-stream-2.1.2.tgz#6d5ef1a7e5783a95ff70b69b97455a5968dc1325"
  integrity sha512-UaF6FoJ32WqALZGOIAApXx+OdxhekNMChu6axLJR85zMMjXKWFGjbIRe+J6P4UnRGg9rAwWvbTT0oI7hD/Un7Q==
  dependencies:
    bl "^4.0.1"
    end-of-stream "^1.4.1"
    fs-constants "^1.0.0"
    inherits "^2.0.3"
    readable-stream "^3.1.1"

teeny-request@^7.0.0:
  version "7.0.0"
  resolved "https://registry.yarnpkg.com/teeny-request/-/teeny-request-7.0.0.tgz#0e5c090bd9102ed559ffc8c9ddb00fbe1256db30"
  integrity sha512-kWD3sdGmIix6w7c8ZdVKxWq+3YwVPGWz+Mq0wRZXayEKY/YHb63b8uphfBzcFDmyq8frD9+UTc3wLyOhltRbtg==
  dependencies:
    http-proxy-agent "^4.0.0"
    https-proxy-agent "^5.0.0"
    node-fetch "^2.2.0"
    stream-events "^1.0.5"
    uuid "^8.0.0"

temp@^0.9.1:
  version "0.9.1"
  resolved "https://registry.yarnpkg.com/temp/-/temp-0.9.1.tgz#2d666114fafa26966cd4065996d7ceedd4dd4697"
  integrity sha512-WMuOgiua1xb5R56lE0eH6ivpVmg/lq2OHm4+LtT/xtEtPQ+sz6N3bBM6WZ5FvO1lO4IKIOb43qnhoc4qxP5OeA==
  dependencies:
    rimraf "~2.6.2"

through2@^3.0.1:
  version "3.0.2"
  resolved "https://registry.yarnpkg.com/through2/-/through2-3.0.2.tgz#99f88931cfc761ec7678b41d5d7336b5b6a07bf4"
  integrity sha512-enaDQ4MUyP2W6ZyT6EsMzqBPZaM/avg8iuo+l2d3QCs0J+6RaqkHV/2/lOwDTueBHeJ/2LG9lrLW3d5rWPucuQ==
  dependencies:
    inherits "^2.0.4"
    readable-stream "2 || 3"

through@2, through@^2.3.8:
  version "2.3.8"
  resolved "https://registry.yarnpkg.com/through/-/through-2.3.8.tgz#0dd4c9ffaabc357960b1b724115d7e0e86a2e1f5"
  integrity sha1-DdTJ/6q8NXlgsbckEV1+Doai4fU=

tslib@^1.9.3:
  version "1.13.0"
  resolved "https://registry.yarnpkg.com/tslib/-/tslib-1.13.0.tgz#c881e13cc7015894ed914862d276436fa9a47043"
  integrity sha512-i/6DQjL8Xf3be4K/E6Wgpekn5Qasl1usyw++dAA35Ue5orEn65VIxOA+YvNNl9HV3qv70T7CNwjODHZrLwvd1Q==

unbzip2-stream@^1.3.3:
  version "1.4.3"
  resolved "https://registry.yarnpkg.com/unbzip2-stream/-/unbzip2-stream-1.4.3.tgz#b0da04c4371311df771cdc215e87f2130991ace7"
  integrity sha512-mlExGW4w71ebDJviH16lQLtZS32VKqsSfk80GCfUlwT/4/hNRFsoscrF/c++9xinkMzECL1uL9DDwXqFWkruPg==
  dependencies:
    buffer "^5.2.1"
    through "^2.3.8"

util-deprecate@^1.0.1:
  version "1.0.2"
  resolved "https://registry.yarnpkg.com/util-deprecate/-/util-deprecate-1.0.2.tgz#450d4dc9fa70de732762fbd2d4a28981419a0ccf"
  integrity sha1-RQ1Nyfpw3nMnYvvS1KKJgUGaDM8=

uuid@^8.0.0:
  version "8.2.0"
  resolved "https://registry.yarnpkg.com/uuid/-/uuid-8.2.0.tgz#cb10dd6b118e2dada7d0cd9730ba7417c93d920e"
  integrity sha512-CYpGiFTUrmI6OBMkAdjSDM0k5h8SkkiTP4WAjQgDgNB1S3Ou9VBEvr6q0Kv2H1mMk7IWfxYGpMH5sd5AvcIV2Q==

webp-converter@^2.2.3:
  version "2.2.3"
  resolved "https://registry.yarnpkg.com/webp-converter/-/webp-converter-2.2.3.tgz#ffee88b2f23b0b6d14ecb1ec34bd8b6e529171f1"
  integrity sha512-ROjdJNNJlqYX5cDQ0XO7ae9AD9asmYAR2nX2Y7ix1SA/hsWbdEAoL61ApqOPvoGZHldHq+yOhmRYlrTNBBcAMA==

wrappy@1:
  version "1.0.2"
  resolved "https://registry.yarnpkg.com/wrappy/-/wrappy-1.0.2.tgz#b5243d8f3ec1aa35f1364605bc0d1036e30ab69f"
  integrity sha1-tSQ9jz7BqjXxNkYFvA0QNuMKtp8=

ws@^7.2.3:
  version "7.3.0"
  resolved "https://registry.yarnpkg.com/ws/-/ws-7.3.0.tgz#4b2f7f219b3d3737bc1a2fbf145d825b94d38ffd"
  integrity sha512-iFtXzngZVXPGgpTlP1rBqsUK82p9tKqsWRPg5L56egiljujJT3vGAYnHANvFxBieXrTFavhzhxW52jnaWV+w2w==

yallist@^3.0.2:
  version "3.1.1"
  resolved "https://registry.yarnpkg.com/yallist/-/yallist-3.1.1.tgz#dbb7daf9bfd8bac9ab45ebf602b8cbad0d5d08fd"
  integrity sha512-a4UGQaWPH59mOXUYnAG2ewncQS4i4F43Tv3JoAM+s2VDAmS9NsK8GpDMLrCHPksFT7h3K6TOoUNn2pb7RoXx4g==

yauzl@^2.10.0:
  version "2.10.0"
  resolved "https://registry.yarnpkg.com/yauzl/-/yauzl-2.10.0.tgz#c7eb17c93e112cb1086fa6d8e51fb0667b79a5f9"
  integrity sha1-x+sXyT4RLLEIb6bY5R+wZnt5pfk=
  dependencies:
    buffer-crc32 "~0.2.3"
    fd-slicer "~1.1.0"
